FORGE
  remote: https://forgeapi.puppetlabs.com
  specs:
    puppetlabs-inifile (1.4.1)
    puppetlabs-stdlib (4.7.0)
    unibet-profiled (0.1.4)

GIT
  remote: https://github.com/puppetlabs/puppetlabs-apt.git
  ref: master
  sha: 849d000ff335d460fbb11a4d4ee4a83affff729d
  specs:
    puppetlabs-apt (2.1.1)
      puppetlabs-stdlib (< 5.0.0, >= 4.5.0)

DEPENDENCIES
  puppetlabs-apt (>= 0)
  puppetlabs-inifile (< 2.0.0, >= 1.3.0)
  puppetlabs-stdlib (< 5.0.0, >= 4.1.0)
  unibet-profiled (< 1.0.0, >= 0.1.4)

